
Microsoft Visual Studio Solution File, Format Version 12.00
# Visual Studio Version 16
VisualStudioVersion = 16.0.33027.164
MinimumVisualStudioVersion = 10.0.40219.1
Project("{FAE04EC0-301F-11D3-BF4B-00C04F79EFBC}") = "PR_10", "PR_10.csproj", "{CDD0CAD7-C5DD-4AF0-9234-300DC76EA495}"
EndProject
Global
	GlobalSection(SolutionConfigurationPlatforms) = preSolution
		Debug|Any CPU = Debug|Any CPU
		Release|Any CPU = Release|Any CPU
	EndGlobalSection
	GlobalSection(ProjectConfigurationPlatforms) = postSolution
		{CDD0CAD7-C5DD-4AF0-9234-300DC76EA495}.Debug|Any CPU.ActiveCfg = Debug|Any CPU
		{CDD0CAD7-C5DD-4AF0-9234-300DC76EA495}.Debug|Any CPU.Build.0 = Debug|Any CPU
		{CDD0CAD7-C5DD-4AF0-9234-300DC76EA495}.Release|Any CPU.ActiveCfg = Release|Any CPU
		{CDD0CAD7-C5DD-4AF0-9234-300DC76EA495}.Release|Any CPU.Build.0 = Release|Any CPU
	EndGlobalSection
	GlobalSection(SolutionProperties) = preSolution
		HideSolutionNode = FALSE
	EndGlobalSection
	GlobalSection(ExtensibilityGlobals) = postSolution
		SolutionGuid = {E831F742-DE23-4CBE-8921-41BE2FDAA3CD}
	EndGlobalSection
EndGlobal
